
Microsoft Visual Studio Solution File, Format Version 12.00
# Visual Studio Version 17
VisualStudioVersion = 17.5.002.0
MinimumVisualStudioVersion = 10.0.40219.1
Project("{9A19103F-16F7-4668-BE54-9A1E7A4F7556}") = "tinhduongcheo", "tinhduongcheo.csproj", "{B77DEC21-9A6E-4892-8432-6A6B3D3AE32C}"
EndProject
Global
	GlobalSection(SolutionConfigurationPlatforms) = preSolution
		Debug|Any CPU = Debug|Any CPU
		Release|Any CPU = Release|Any CPU
	EndGlobalSection
	GlobalSection(ProjectConfigurationPlatforms) = postSolution
		{B77DEC21-9A6E-4892-8432-6A6B3D3AE32C}.Debug|Any CPU.ActiveCfg = Debug|Any CPU
		{B77DEC21-9A6E-4892-8432-6A6B3D3AE32C}.Debug|Any CPU.Build.0 = Debug|Any CPU
		{B77DEC21-9A6E-4892-8432-6A6B3D3AE32C}.Release|Any CPU.ActiveCfg = Release|Any CPU
		{B77DEC21-9A6E-4892-8432-6A6B3D3AE32C}.Release|Any CPU.Build.0 = Release|Any CPU
	EndGlobalSection
	GlobalSection(SolutionProperties) = preSolution
		HideSolutionNode = FALSE
	EndGlobalSection
	GlobalSection(ExtensibilityGlobals) = postSolution
		SolutionGuid = {4EDFA02C-E431-4C4C-B29D-F3F265119BE6}
	EndGlobalSection
EndGlobal
